
Microsoft Visual Studio Solution File, Format Version 12.00
# Visual Studio Version 17
VisualStudioVersion = 17.11.35303.130
MinimumVisualStudioVersion = 10.0.40219.1
Project("{8BC9CEB8-8B4A-11D0-8D11-00A0C91BC942}") = "lab1", "lab1\lab1.vcxproj", "{0DFCBF0B-3690-41B7-89C6-F2DB184D77EC}"
EndProject
Global
	GlobalSection(SolutionConfigurationPlatforms) = preSolution
		Debug|x64 = Debug|x64
		Debug|x86 = Debug|x86
		Release|x64 = Release|x64
		Release|x86 = Release|x86
	EndGlobalSection
	GlobalSection(ProjectConfigurationPlatforms) = postSolution
		{0DFCBF0B-3690-41B7-89C6-F2DB184D77EC}.Debug|x64.ActiveCfg = Debug|x64
		{0DFCBF0B-3690-41B7-89C6-F2DB184D77EC}.Debug|x64.Build.0 = Debug|x64
		{0DFCBF0B-3690-41B7-89C6-F2DB184D77EC}.Debug|x86.ActiveCfg = Debug|Win32
		{0DFCBF0B-3690-41B7-89C6-F2DB184D77EC}.Debug|x86.Build.0 = Debug|Win32
		{0DFCBF0B-3690-41B7-89C6-F2DB184D77EC}.Release|x64.ActiveCfg = Release|x64
		{0DFCBF0B-3690-41B7-89C6-F2DB184D77EC}.Release|x64.Build.0 = Release|x64
		{0DFCBF0B-3690-41B7-89C6-F2DB184D77EC}.Release|x86.ActiveCfg = Release|Win32
		{0DFCBF0B-3690-41B7-89C6-F2DB184D77EC}.Release|x86.Build.0 = Release|Win32
	EndGlobalSection
	GlobalSection(SolutionProperties) = preSolution
		HideSolutionNode = FALSE
	EndGlobalSection
	GlobalSection(ExtensibilityGlobals) = postSolution
		SolutionGuid = {A19BDF19-78EA-4046-9615-5045185A3D34}
	EndGlobalSection
EndGlobal
